
Microsoft Visual Studio Solution File, Format Version 12.00
# Visual Studio Version 17
VisualStudioVersion = 17.2.32408.312
MinimumVisualStudioVersion = 10.0.40219.1
Project("{9A19103F-16F7-4668-BE54-9A1E7A4F7556}") = "HeadElement.E2ETest", "E2ETest\HeadElement.E2ETest.csproj", "{E4DDB73B-C002-4C5E-8EB2-6648DCD56BD9}"
EndProject
Project("{2150E333-8FDC-42A3-9474-1A3956D46DE8}") = "Solution Items", "Solution Items", "{4C0560D7-4DBB-462A-9725-3B6C91595C77}"
	ProjectSection(SolutionItems) = preProject
		.editorconfig = .editorconfig
	EndProjectSection
EndProject
Global
	GlobalSection(SolutionConfigurationPlatforms) = preSolution
		Debug|Any CPU = Debug|Any CPU
		Release|Any CPU = Release|Any CPU
	EndGlobalSection
	GlobalSection(ProjectConfigurationPlatforms) = postSolution
		{E4DDB73B-C002-4C5E-8EB2-6648DCD56BD9}.Debug|Any CPU.ActiveCfg = Debug|Any CPU
		{E4DDB73B-C002-4C5E-8EB2-6648DCD56BD9}.Debug|Any CPU.Build.0 = Debug|Any CPU
		{E4DDB73B-C002-4C5E-8EB2-6648DCD56BD9}.Release|Any CPU.ActiveCfg = Release|Any CPU
		{E4DDB73B-C002-4C5E-8EB2-6648DCD56BD9}.Release|Any CPU.Build.0 = Release|Any CPU
	EndGlobalSection
	GlobalSection(SolutionProperties) = preSolution
		HideSolutionNode = FALSE
	EndGlobalSection
	GlobalSection(ExtensibilityGlobals) = postSolution
		SolutionGuid = {CE688878-6938-423C-A88E-24E18B99EB56}
	EndGlobalSection
EndGlobal
