
Microsoft Visual Studio Solution File, Format Version 12.00
# Visual Studio Version 17
VisualStudioVersion = 17.0.31521.260
MinimumVisualStudioVersion = 10.0.40219.1
Project("{9A19103F-16F7-4668-BE54-9A1E7A4F7556}") = "HeadElement.Abstractions", "Abstractions\HeadElement.Abstractions.csproj", "{20636D29-3AE4-4965-B32A-BF22F7736F2B}"
EndProject
Project("{9A19103F-16F7-4668-BE54-9A1E7A4F7556}") = "HeadElement.Services", "Services\HeadElement.Services.csproj", "{085B0C3A-A8D2-4169-B741-44F9B4F02735}"
EndProject
Project("{9A19103F-16F7-4668-BE54-9A1E7A4F7556}") = "HeadElement.ServerPrerendering", "ServerPrerendering\HeadElement.ServerPrerendering.csproj", "{CCCF1C7F-4933-4380-9AF2-F0795DD7EEBE}"
EndProject
Project("{9A19103F-16F7-4668-BE54-9A1E7A4F7556}") = "HeadElement", "Components\HeadElement.csproj", "{61437276-899C-45D3-A931-BEAFB6302C98}"
EndProject
Project("{2150E333-8FDC-42A3-9474-1A3956D46DE8}") = "README", "README", "{A43A41C1-95FB-46F7-9402-31B30378BC30}"
	ProjectSection(SolutionItems) = preProject
		README.md = README.md
	EndProjectSection
EndProject
Project("{9A19103F-16F7-4668-BE54-9A1E7A4F7556}") = "SampleSite.Components", "_SampleSites\Components\SampleSite.Components.csproj", "{AFD4E1A9-230F-4898-9DAE-D76C33D21E42}"
EndProject
Project("{2150E333-8FDC-42A3-9474-1A3956D46DE8}") = "SampleSites", "SampleSites", "{23D8A478-2C7A-46F9-9FD1-6A64DFE23ED5}"
EndProject
Project("{9A19103F-16F7-4668-BE54-9A1E7A4F7556}") = "SampleSite.Server", "_SampleSites\Server\SampleSite.Server.csproj", "{E6082FE8-989D-441C-8AEC-0B1A699E44C1}"
EndProject
Project("{9A19103F-16F7-4668-BE54-9A1E7A4F7556}") = "SampleSite.Client", "_SampleSites\Client\SampleSite.Client.csproj", "{0FB7AA6E-35A9-4181-BA57-3613DFA97EC6}"
EndProject
Project("{9A19103F-16F7-4668-BE54-9A1E7A4F7556}") = "SampleSite.Host", "_SampleSites\Host\SampleSite.Host.csproj", "{83467819-04E9-4BC5-A92B-A7AD0487EB80}"
EndProject
Project("{9A19103F-16F7-4668-BE54-9A1E7A4F7556}") = "SampleSite.Client.Net31", "_SampleSites\Client31\SampleSite.Client.Net31.csproj", "{4E28900A-ADE7-42A3-8D4F-18C30766AC49}"
EndProject
Project("{FAE04EC0-301F-11D3-BF4B-00C04F79EFBC}") = "HeadElement.ServerPrerendering.Test", "Tests\HeadElement.ServerPrerendering.Test\HeadElement.ServerPrerendering.Test.csproj", "{E70A2503-64B0-430E-ADBC-69C29A5A7DDE}"
EndProject
Project("{2150E333-8FDC-42A3-9474-1A3956D46DE8}") = "Unit Tests", "Unit Tests", "{E6D15486-52A4-4311-82CF-06953EC6739C}"
EndProject
Project("{FAE04EC0-301F-11D3-BF4B-00C04F79EFBC}") = "HeadElement.Services.Test", "Tests\HeadElement.Services.Test\HeadElement.Services.Test.csproj", "{3F113F53-88BF-428F-A149-EC0453E71809}"
EndProject
Global
	GlobalSection(SolutionConfigurationPlatforms) = preSolution
		Debug|Any CPU = Debug|Any CPU
		Release|Any CPU = Release|Any CPU
	EndGlobalSection
	GlobalSection(ProjectConfigurationPlatforms) = postSolution
		{20636D29-3AE4-4965-B32A-BF22F7736F2B}.Debug|Any CPU.ActiveCfg = Debug|Any CPU
		{20636D29-3AE4-4965-B32A-BF22F7736F2B}.Debug|Any CPU.Build.0 = Debug|Any CPU
		{20636D29-3AE4-4965-B32A-BF22F7736F2B}.Release|Any CPU.ActiveCfg = Release|Any CPU
		{20636D29-3AE4-4965-B32A-BF22F7736F2B}.Release|Any CPU.Build.0 = Release|Any CPU
		{085B0C3A-A8D2-4169-B741-44F9B4F02735}.Debug|Any CPU.ActiveCfg = Debug|Any CPU
		{085B0C3A-A8D2-4169-B741-44F9B4F02735}.Debug|Any CPU.Build.0 = Debug|Any CPU
		{085B0C3A-A8D2-4169-B741-44F9B4F02735}.Release|Any CPU.ActiveCfg = Release|Any CPU
		{085B0C3A-A8D2-4169-B741-44F9B4F02735}.Release|Any CPU.Build.0 = Release|Any CPU
		{CCCF1C7F-4933-4380-9AF2-F0795DD7EEBE}.Debug|Any CPU.ActiveCfg = Debug|Any CPU
		{CCCF1C7F-4933-4380-9AF2-F0795DD7EEBE}.Debug|Any CPU.Build.0 = Debug|Any CPU
		{CCCF1C7F-4933-4380-9AF2-F0795DD7EEBE}.Release|Any CPU.ActiveCfg = Release|Any CPU
		{CCCF1C7F-4933-4380-9AF2-F0795DD7EEBE}.Release|Any CPU.Build.0 = Release|Any CPU
		{61437276-899C-45D3-A931-BEAFB6302C98}.Debug|Any CPU.ActiveCfg = Debug|Any CPU
		{61437276-899C-45D3-A931-BEAFB6302C98}.Debug|Any CPU.Build.0 = Debug|Any CPU
		{61437276-899C-45D3-A931-BEAFB6302C98}.Release|Any CPU.ActiveCfg = Release|Any CPU
		{61437276-899C-45D3-A931-BEAFB6302C98}.Release|Any CPU.Build.0 = Release|Any CPU
		{AFD4E1A9-230F-4898-9DAE-D76C33D21E42}.Debug|Any CPU.ActiveCfg = Debug|Any CPU
		{AFD4E1A9-230F-4898-9DAE-D76C33D21E42}.Debug|Any CPU.Build.0 = Debug|Any CPU
		{AFD4E1A9-230F-4898-9DAE-D76C33D21E42}.Release|Any CPU.ActiveCfg = Release|Any CPU
		{AFD4E1A9-230F-4898-9DAE-D76C33D21E42}.Release|Any CPU.Build.0 = Release|Any CPU
		{E6082FE8-989D-441C-8AEC-0B1A699E44C1}.Debug|Any CPU.ActiveCfg = Debug|Any CPU
		{E6082FE8-989D-441C-8AEC-0B1A699E44C1}.Debug|Any CPU.Build.0 = Debug|Any CPU
		{E6082FE8-989D-441C-8AEC-0B1A699E44C1}.Release|Any CPU.ActiveCfg = Release|Any CPU
		{E6082FE8-989D-441C-8AEC-0B1A699E44C1}.Release|Any CPU.Build.0 = Release|Any CPU
		{0FB7AA6E-35A9-4181-BA57-3613DFA97EC6}.Debug|Any CPU.ActiveCfg = Debug|Any CPU
		{0FB7AA6E-35A9-4181-BA57-3613DFA97EC6}.Debug|Any CPU.Build.0 = Debug|Any CPU
		{0FB7AA6E-35A9-4181-BA57-3613DFA97EC6}.Release|Any CPU.ActiveCfg = Release|Any CPU
		{0FB7AA6E-35A9-4181-BA57-3613DFA97EC6}.Release|Any CPU.Build.0 = Release|Any CPU
		{83467819-04E9-4BC5-A92B-A7AD0487EB80}.Debug|Any CPU.ActiveCfg = Debug|Any CPU
		{83467819-04E9-4BC5-A92B-A7AD0487EB80}.Debug|Any CPU.Build.0 = Debug|Any CPU
		{83467819-04E9-4BC5-A92B-A7AD0487EB80}.Release|Any CPU.ActiveCfg = Release|Any CPU
		{83467819-04E9-4BC5-A92B-A7AD0487EB80}.Release|Any CPU.Build.0 = Release|Any CPU
		{4E28900A-ADE7-42A3-8D4F-18C30766AC49}.Debug|Any CPU.ActiveCfg = Debug|Any CPU
		{4E28900A-ADE7-42A3-8D4F-18C30766AC49}.Debug|Any CPU.Build.0 = Debug|Any CPU
		{4E28900A-ADE7-42A3-8D4F-18C30766AC49}.Release|Any CPU.ActiveCfg = Release|Any CPU
		{4E28900A-ADE7-42A3-8D4F-18C30766AC49}.Release|Any CPU.Build.0 = Release|Any CPU
		{E70A2503-64B0-430E-ADBC-69C29A5A7DDE}.Debug|Any CPU.ActiveCfg = Debug|Any CPU
		{E70A2503-64B0-430E-ADBC-69C29A5A7DDE}.Debug|Any CPU.Build.0 = Debug|Any CPU
		{E70A2503-64B0-430E-ADBC-69C29A5A7DDE}.Release|Any CPU.ActiveCfg = Release|Any CPU
		{E70A2503-64B0-430E-ADBC-69C29A5A7DDE}.Release|Any CPU.Build.0 = Release|Any CPU
		{3F113F53-88BF-428F-A149-EC0453E71809}.Debug|Any CPU.ActiveCfg = Debug|Any CPU
		{3F113F53-88BF-428F-A149-EC0453E71809}.Debug|Any CPU.Build.0 = Debug|Any CPU
		{3F113F53-88BF-428F-A149-EC0453E71809}.Release|Any CPU.ActiveCfg = Release|Any CPU
		{3F113F53-88BF-428F-A149-EC0453E71809}.Release|Any CPU.Build.0 = Release|Any CPU
	EndGlobalSection
	GlobalSection(SolutionProperties) = preSolution
		HideSolutionNode = FALSE
	EndGlobalSection
	GlobalSection(NestedProjects) = preSolution
		{AFD4E1A9-230F-4898-9DAE-D76C33D21E42} = {23D8A478-2C7A-46F9-9FD1-6A64DFE23ED5}
		{E6082FE8-989D-441C-8AEC-0B1A699E44C1} = {23D8A478-2C7A-46F9-9FD1-6A64DFE23ED5}
		{0FB7AA6E-35A9-4181-BA57-3613DFA97EC6} = {23D8A478-2C7A-46F9-9FD1-6A64DFE23ED5}
		{83467819-04E9-4BC5-A92B-A7AD0487EB80} = {23D8A478-2C7A-46F9-9FD1-6A64DFE23ED5}
		{4E28900A-ADE7-42A3-8D4F-18C30766AC49} = {23D8A478-2C7A-46F9-9FD1-6A64DFE23ED5}
		{E70A2503-64B0-430E-ADBC-69C29A5A7DDE} = {E6D15486-52A4-4311-82CF-06953EC6739C}
		{3F113F53-88BF-428F-A149-EC0453E71809} = {E6D15486-52A4-4311-82CF-06953EC6739C}
	EndGlobalSection
	GlobalSection(ExtensibilityGlobals) = postSolution
		SolutionGuid = {8617179F-BF2D-42B6-8BAF-7D68B9BAAE75}
	EndGlobalSection
EndGlobal
