
Microsoft Visual Studio Solution File, Format Version 12.00
# Visual Studio Version 16
VisualStudioVersion = 16.0.29411.138
MinimumVisualStudioVersion = 10.0.40219.1
Project("{9A19103F-16F7-4668-BE54-9A1E7A4F7556}") = "SeattleTouristAttractions", "_SampleSites\SeattleTouristAttractions\SeattleTouristAttractions.csproj", "{1427CFD9-F6A6-415F-BA2A-B40A325C58ED}"
EndProject
Project("{9A19103F-16F7-4668-BE54-9A1E7A4F7556}") = "HeadElement.Services", "Services\HeadElement.Services.csproj", "{26BB45CC-D201-48E4-AE24-1ABC313245C4}"
EndProject
Project("{9A19103F-16F7-4668-BE54-9A1E7A4F7556}") = "HeadElement.Abstractions", "Abstractions\HeadElement.Abstractions.csproj", "{FD3444B8-AB02-4245-9E91-69F017284B6D}"
EndProject
Project("{9A19103F-16F7-4668-BE54-9A1E7A4F7556}") = "HeadElement", "Components\HeadElement.csproj", "{A12ADC34-B551-4E0C-AD5D-73748D8EF333}"
EndProject
Project("{9A19103F-16F7-4668-BE54-9A1E7A4F7556}") = "HeadElement.ServerPrerendering", "ServerPrerendering\HeadElement.ServerPrerendering.csproj", "{1E0E1117-D2AB-4C48-B0E3-8C3B4FD4531A}"
EndProject
Global
	GlobalSection(SolutionConfigurationPlatforms) = preSolution
		Debug|Any CPU = Debug|Any CPU
		Release|Any CPU = Release|Any CPU
	EndGlobalSection
	GlobalSection(ProjectConfigurationPlatforms) = postSolution
		{1427CFD9-F6A6-415F-BA2A-B40A325C58ED}.Debug|Any CPU.ActiveCfg = Debug|Any CPU
		{1427CFD9-F6A6-415F-BA2A-B40A325C58ED}.Debug|Any CPU.Build.0 = Debug|Any CPU
		{1427CFD9-F6A6-415F-BA2A-B40A325C58ED}.Release|Any CPU.ActiveCfg = Release|Any CPU
		{1427CFD9-F6A6-415F-BA2A-B40A325C58ED}.Release|Any CPU.Build.0 = Release|Any CPU
		{26BB45CC-D201-48E4-AE24-1ABC313245C4}.Debug|Any CPU.ActiveCfg = Debug|Any CPU
		{26BB45CC-D201-48E4-AE24-1ABC313245C4}.Debug|Any CPU.Build.0 = Debug|Any CPU
		{26BB45CC-D201-48E4-AE24-1ABC313245C4}.Release|Any CPU.ActiveCfg = Release|Any CPU
		{26BB45CC-D201-48E4-AE24-1ABC313245C4}.Release|Any CPU.Build.0 = Release|Any CPU
		{FD3444B8-AB02-4245-9E91-69F017284B6D}.Debug|Any CPU.ActiveCfg = Debug|Any CPU
		{FD3444B8-AB02-4245-9E91-69F017284B6D}.Debug|Any CPU.Build.0 = Debug|Any CPU
		{FD3444B8-AB02-4245-9E91-69F017284B6D}.Release|Any CPU.ActiveCfg = Release|Any CPU
		{FD3444B8-AB02-4245-9E91-69F017284B6D}.Release|Any CPU.Build.0 = Release|Any CPU
		{A12ADC34-B551-4E0C-AD5D-73748D8EF333}.Debug|Any CPU.ActiveCfg = Debug|Any CPU
		{A12ADC34-B551-4E0C-AD5D-73748D8EF333}.Debug|Any CPU.Build.0 = Debug|Any CPU
		{A12ADC34-B551-4E0C-AD5D-73748D8EF333}.Release|Any CPU.ActiveCfg = Release|Any CPU
		{A12ADC34-B551-4E0C-AD5D-73748D8EF333}.Release|Any CPU.Build.0 = Release|Any CPU
		{1E0E1117-D2AB-4C48-B0E3-8C3B4FD4531A}.Debug|Any CPU.ActiveCfg = Debug|Any CPU
		{1E0E1117-D2AB-4C48-B0E3-8C3B4FD4531A}.Debug|Any CPU.Build.0 = Debug|Any CPU
		{1E0E1117-D2AB-4C48-B0E3-8C3B4FD4531A}.Release|Any CPU.ActiveCfg = Release|Any CPU
		{1E0E1117-D2AB-4C48-B0E3-8C3B4FD4531A}.Release|Any CPU.Build.0 = Release|Any CPU
	EndGlobalSection
	GlobalSection(SolutionProperties) = preSolution
		HideSolutionNode = FALSE
	EndGlobalSection
	GlobalSection(ExtensibilityGlobals) = postSolution
		SolutionGuid = {4D42B36D-1B9B-498B-88DC-17514A8F5B03}
	EndGlobalSection
EndGlobal
