
Microsoft Visual Studio Solution File, Format Version 12.00
# Visual Studio Version 16
VisualStudioVersion = 16.0.29230.61
MinimumVisualStudioVersion = 10.0.40219.1
Project("{9A19103F-16F7-4668-BE54-9A1E7A4F7556}") = "ServerSideApp", "_SampleSites\ServerSideApp\ServerSideApp.csproj", "{166AC3BE-52F0-49D2-A917-5866358CB58F}"
EndProject
Project("{9A19103F-16F7-4668-BE54-9A1E7A4F7556}") = "WasmApp", "_SampleSites\WasmApp\WasmApp.csproj", "{2E959ADD-3009-4F10-9C77-582B9A318253}"
EndProject
Project("{9A19103F-16F7-4668-BE54-9A1E7A4F7556}") = "HeadElement.Abstractions", "Abstractions\HeadElement.Abstractions.csproj", "{A028343B-1C43-4004-9748-FA70C7ED3DB8}"
EndProject
Project("{9A19103F-16F7-4668-BE54-9A1E7A4F7556}") = "HeadElement.Services", "Services\HeadElement.Services.csproj", "{D3455587-2DF9-462E-8DCB-435A3DE27D7A}"
EndProject
Project("{9A19103F-16F7-4668-BE54-9A1E7A4F7556}") = "HeadElement.ServerPrerendering", "ServerPrerendering\HeadElement.ServerPrerendering.csproj", "{1BFAEDA7-266D-480B-9B7A-E5A73CE99A17}"
EndProject
Global
	GlobalSection(SolutionConfigurationPlatforms) = preSolution
		Debug|Any CPU = Debug|Any CPU
		Release|Any CPU = Release|Any CPU
	EndGlobalSection
	GlobalSection(ProjectConfigurationPlatforms) = postSolution
		{166AC3BE-52F0-49D2-A917-5866358CB58F}.Debug|Any CPU.ActiveCfg = Debug|Any CPU
		{166AC3BE-52F0-49D2-A917-5866358CB58F}.Debug|Any CPU.Build.0 = Debug|Any CPU
		{166AC3BE-52F0-49D2-A917-5866358CB58F}.Release|Any CPU.ActiveCfg = Release|Any CPU
		{166AC3BE-52F0-49D2-A917-5866358CB58F}.Release|Any CPU.Build.0 = Release|Any CPU
		{2E959ADD-3009-4F10-9C77-582B9A318253}.Debug|Any CPU.ActiveCfg = Debug|Any CPU
		{2E959ADD-3009-4F10-9C77-582B9A318253}.Debug|Any CPU.Build.0 = Debug|Any CPU
		{2E959ADD-3009-4F10-9C77-582B9A318253}.Release|Any CPU.ActiveCfg = Release|Any CPU
		{2E959ADD-3009-4F10-9C77-582B9A318253}.Release|Any CPU.Build.0 = Release|Any CPU
		{A028343B-1C43-4004-9748-FA70C7ED3DB8}.Debug|Any CPU.ActiveCfg = Debug|Any CPU
		{A028343B-1C43-4004-9748-FA70C7ED3DB8}.Debug|Any CPU.Build.0 = Debug|Any CPU
		{A028343B-1C43-4004-9748-FA70C7ED3DB8}.Release|Any CPU.ActiveCfg = Release|Any CPU
		{A028343B-1C43-4004-9748-FA70C7ED3DB8}.Release|Any CPU.Build.0 = Release|Any CPU
		{D3455587-2DF9-462E-8DCB-435A3DE27D7A}.Debug|Any CPU.ActiveCfg = Debug|Any CPU
		{D3455587-2DF9-462E-8DCB-435A3DE27D7A}.Debug|Any CPU.Build.0 = Debug|Any CPU
		{D3455587-2DF9-462E-8DCB-435A3DE27D7A}.Release|Any CPU.ActiveCfg = Release|Any CPU
		{D3455587-2DF9-462E-8DCB-435A3DE27D7A}.Release|Any CPU.Build.0 = Release|Any CPU
		{1BFAEDA7-266D-480B-9B7A-E5A73CE99A17}.Debug|Any CPU.ActiveCfg = Debug|Any CPU
		{1BFAEDA7-266D-480B-9B7A-E5A73CE99A17}.Debug|Any CPU.Build.0 = Debug|Any CPU
		{1BFAEDA7-266D-480B-9B7A-E5A73CE99A17}.Release|Any CPU.ActiveCfg = Release|Any CPU
		{1BFAEDA7-266D-480B-9B7A-E5A73CE99A17}.Release|Any CPU.Build.0 = Release|Any CPU
	EndGlobalSection
	GlobalSection(SolutionProperties) = preSolution
		HideSolutionNode = FALSE
	EndGlobalSection
	GlobalSection(ExtensibilityGlobals) = postSolution
		SolutionGuid = {2BB0906F-ADF9-487E-BAC5-8AE7BDF9E234}
	EndGlobalSection
EndGlobal
